
Microsoft Visual Studio Solution File, Format Version 12.00
# Visual Studio Version 17
VisualStudioVersion = 17.0.31912.275
MinimumVisualStudioVersion = 10.0.40219.1
Project("{9A19103F-16F7-4668-BE54-9A1E7A4F7556}") = "Module_SoanDe", "Module_SoanDe\Module_SoanDe.csproj", "{F11F04A0-562D-45FA-89F1-9C9F9A5EB102}"
EndProject
Project("{FAE04EC0-301F-11D3-BF4B-00C04F79EFBC}") = "Module_Thi", "Module_Thi\Module_Thi.csproj", "{24742F06-0028-4D45-9297-2E36B6C3EA10}"
EndProject
Global
	GlobalSection(SolutionConfigurationPlatforms) = preSolution
		Debug|Any CPU = Debug|Any CPU
		Release|Any CPU = Release|Any CPU
	EndGlobalSection
	GlobalSection(ProjectConfigurationPlatforms) = postSolution
		{F11F04A0-562D-45FA-89F1-9C9F9A5EB102}.Debug|Any CPU.ActiveCfg = Debug|Any CPU
		{F11F04A0-562D-45FA-89F1-9C9F9A5EB102}.Debug|Any CPU.Build.0 = Debug|Any CPU
		{F11F04A0-562D-45FA-89F1-9C9F9A5EB102}.Release|Any CPU.ActiveCfg = Release|Any CPU
		{F11F04A0-562D-45FA-89F1-9C9F9A5EB102}.Release|Any CPU.Build.0 = Release|Any CPU
		{24742F06-0028-4D45-9297-2E36B6C3EA10}.Debug|Any CPU.ActiveCfg = Debug|Any CPU
		{24742F06-0028-4D45-9297-2E36B6C3EA10}.Debug|Any CPU.Build.0 = Debug|Any CPU
		{24742F06-0028-4D45-9297-2E36B6C3EA10}.Release|Any CPU.ActiveCfg = Release|Any CPU
		{24742F06-0028-4D45-9297-2E36B6C3EA10}.Release|Any CPU.Build.0 = Release|Any CPU
	EndGlobalSection
	GlobalSection(SolutionProperties) = preSolution
		HideSolutionNode = FALSE
	EndGlobalSection
	GlobalSection(ExtensibilityGlobals) = postSolution
		SolutionGuid = {3EE0632B-951A-4C00-8E62-660334716DE3}
	EndGlobalSection
EndGlobal
